
Microsoft Visual Studio Solution File, Format Version 12.00
# Visual Studio Version 17
VisualStudioVersion = 17.0.32630.193
MinimumVisualStudioVersion = 10.0.40219.1
Project("{FAE04EC0-301F-11D3-BF4B-00C04F79EFBC}") = "WpfApp3", "WpfApp3\WpfApp3.csproj", "{A40749EA-BA2E-4987-A603-DD4CEDD89C78}"
EndProject
Global
	GlobalSection(SolutionConfigurationPlatforms) = preSolution
		Debug|Any CPU = Debug|Any CPU
		Release|Any CPU = Release|Any CPU
	EndGlobalSection
	GlobalSection(ProjectConfigurationPlatforms) = postSolution
		{A40749EA-BA2E-4987-A603-DD4CEDD89C78}.Debug|Any CPU.ActiveCfg = Debug|Any CPU
		{A40749EA-BA2E-4987-A603-DD4CEDD89C78}.Debug|Any CPU.Build.0 = Debug|Any CPU
		{A40749EA-BA2E-4987-A603-DD4CEDD89C78}.Release|Any CPU.ActiveCfg = Release|Any CPU
		{A40749EA-BA2E-4987-A603-DD4CEDD89C78}.Release|Any CPU.Build.0 = Release|Any CPU
	EndGlobalSection
	GlobalSection(SolutionProperties) = preSolution
		HideSolutionNode = FALSE
	EndGlobalSection
	GlobalSection(ExtensibilityGlobals) = postSolution
		SolutionGuid = {F0E09D2C-7341-41FE-A83D-461551956ABE}
	EndGlobalSection
EndGlobal
