
Microsoft Visual Studio Solution File, Format Version 12.00
# Visual Studio Version 17
VisualStudioVersion = 17.0.32630.193
MinimumVisualStudioVersion = 10.0.40219.1
Project("{9A19103F-16F7-4668-BE54-9A1E7A4F7556}") = "WPF websitegenrator for managers", "WPF websitegenrator for managers\WPF websitegenrator for managers.csproj", "{37B82285-E5B7-4308-A007-AB3C3F149E66}"
EndProject
Global
	GlobalSection(SolutionConfigurationPlatforms) = preSolution
		Debug|Any CPU = Debug|Any CPU
		Release|Any CPU = Release|Any CPU
	EndGlobalSection
	GlobalSection(ProjectConfigurationPlatforms) = postSolution
		{37B82285-E5B7-4308-A007-AB3C3F149E66}.Debug|Any CPU.ActiveCfg = Debug|Any CPU
		{37B82285-E5B7-4308-A007-AB3C3F149E66}.Debug|Any CPU.Build.0 = Debug|Any CPU
		{37B82285-E5B7-4308-A007-AB3C3F149E66}.Release|Any CPU.ActiveCfg = Release|Any CPU
		{37B82285-E5B7-4308-A007-AB3C3F149E66}.Release|Any CPU.Build.0 = Release|Any CPU
	EndGlobalSection
	GlobalSection(SolutionProperties) = preSolution
		HideSolutionNode = FALSE
	EndGlobalSection
	GlobalSection(ExtensibilityGlobals) = postSolution
		SolutionGuid = {E704530E-0966-4CFA-AEA4-B96BDD85FE0F}
	EndGlobalSection
EndGlobal
