
Microsoft Visual Studio Solution File, Format Version 12.00
# Visual Studio Version 17
VisualStudioVersion = 17.0.32630.193
MinimumVisualStudioVersion = 10.0.40219.1
Project("{FAE04EC0-301F-11D3-BF4B-00C04F79EFBC}") = "WebsiteGenerator", "WebsiteGenerator\WebsiteGenerator.csproj", "{092EC7C4-066F-474C-9AD6-DBD64BD325A7}"
EndProject
Global
	GlobalSection(SolutionConfigurationPlatforms) = preSolution
		Debug|Any CPU = Debug|Any CPU
		Release|Any CPU = Release|Any CPU
	EndGlobalSection
	GlobalSection(ProjectConfigurationPlatforms) = postSolution
		{092EC7C4-066F-474C-9AD6-DBD64BD325A7}.Debug|Any CPU.ActiveCfg = Debug|Any CPU
		{092EC7C4-066F-474C-9AD6-DBD64BD325A7}.Debug|Any CPU.Build.0 = Debug|Any CPU
		{092EC7C4-066F-474C-9AD6-DBD64BD325A7}.Release|Any CPU.ActiveCfg = Release|Any CPU
		{092EC7C4-066F-474C-9AD6-DBD64BD325A7}.Release|Any CPU.Build.0 = Release|Any CPU
	EndGlobalSection
	GlobalSection(SolutionProperties) = preSolution
		HideSolutionNode = FALSE
	EndGlobalSection
	GlobalSection(ExtensibilityGlobals) = postSolution
		SolutionGuid = {5973A0CB-61EB-45CC-BC68-107D5D8AA714}
	EndGlobalSection
EndGlobal
