
Microsoft Visual Studio Solution File, Format Version 12.00
# Visual Studio Version 17
VisualStudioVersion = 17.0.32630.193
MinimumVisualStudioVersion = 10.0.40219.1
Project("{FAE04EC0-301F-11D3-BF4B-00C04F79EFBC}") = "WPF övning 3", "WPF övning 3\WPF övning 3.csproj", "{B055CE1A-7008-486D-812B-5343BED76327}"
EndProject
Global
	GlobalSection(SolutionConfigurationPlatforms) = preSolution
		Debug|Any CPU = Debug|Any CPU
		Release|Any CPU = Release|Any CPU
	EndGlobalSection
	GlobalSection(ProjectConfigurationPlatforms) = postSolution
		{B055CE1A-7008-486D-812B-5343BED76327}.Debug|Any CPU.ActiveCfg = Debug|Any CPU
		{B055CE1A-7008-486D-812B-5343BED76327}.Debug|Any CPU.Build.0 = Debug|Any CPU
		{B055CE1A-7008-486D-812B-5343BED76327}.Release|Any CPU.ActiveCfg = Release|Any CPU
		{B055CE1A-7008-486D-812B-5343BED76327}.Release|Any CPU.Build.0 = Release|Any CPU
	EndGlobalSection
	GlobalSection(SolutionProperties) = preSolution
		HideSolutionNode = FALSE
	EndGlobalSection
	GlobalSection(ExtensibilityGlobals) = postSolution
		SolutionGuid = {3EB38FE8-D1E1-42DA-B3B4-FC47661572E3}
	EndGlobalSection
EndGlobal
